
Microsoft Visual Studio Solution File, Format Version 12.00
# Visual Studio Version 17
VisualStudioVersion = 17.2.32630.192
MinimumVisualStudioVersion = 10.0.40219.1
Project("{9A19103F-16F7-4668-BE54-9A1E7A4F7556}") = "Stage0", "Stage0\Stage0.csproj", "{6D384A6A-D0BA-4119-8BBD-A0C0116AD11A}"
EndProject
Project("{2150E333-8FDC-42A3-9474-1A3956D46DE8}") = "Solution Items", "Solution Items", "{69FDD29F-E2BD-49DC-9E95-C3795C9CE9FA}"
	ProjectSection(SolutionItems) = preProject
		README.md = README.md
	EndProjectSection
EndProject
Project("{9A19103F-16F7-4668-BE54-9A1E7A4F7556}") = "DalFacade", "DalFacade\DalFacade.csproj", "{38FF691F-52F7-499B-80C6-5D3388698107}"
EndProject
Project("{9A19103F-16F7-4668-BE54-9A1E7A4F7556}") = "DalList", "DalList\DalList.csproj", "{41D2DC3F-0100-4106-998F-218EDD487A6F}"
EndProject
Project("{9A19103F-16F7-4668-BE54-9A1E7A4F7556}") = "DalTest", "DalTest\DalTest.csproj", "{1CD425BD-9E8F-4064-99D7-F2262D1A5226}"
EndProject
Project("{9A19103F-16F7-4668-BE54-9A1E7A4F7556}") = "DalXml", "DalXml\DalXml.csproj", "{9E5BF3B8-D9B7-4591-AD59-1FB5365B8EA8}"
EndProject
Project("{2150E333-8FDC-42A3-9474-1A3956D46DE8}") = "xml", "xml", "{7D51F568-24FA-4282-A843-69F12E17E963}"
	ProjectSection(SolutionItems) = preProject
		xml\dal-config.xml = xml\dal-config.xml
		xml\data-config.xml = xml\data-config.xml
		xml\dependencys.xml = xml\dependencys.xml
		xml\engineers.xml = xml\engineers.xml
		xml\tasks.xml = xml\tasks.xml
	EndProjectSection
EndProject
Project("{9A19103F-16F7-4668-BE54-9A1E7A4F7556}") = "BL", "BL\BL.csproj", "{25573759-8997-4945-A05F-7F44167DECD8}"
EndProject
Project("{9A19103F-16F7-4668-BE54-9A1E7A4F7556}") = "BlTest", "BlTest\BlTest.csproj", "{DACDD299-B119-4FB2-8389-14BEEE84D891}"
EndProject
Project("{FAE04EC0-301F-11D3-BF4B-00C04F79EFBC}") = "PL", "PL\PL.csproj", "{30E1E863-256A-46C6-B5C5-0E70FA427B12}"
EndProject
Global
	GlobalSection(SolutionConfigurationPlatforms) = preSolution
		Debug|Any CPU = Debug|Any CPU
		Release|Any CPU = Release|Any CPU
	EndGlobalSection
	GlobalSection(ProjectConfigurationPlatforms) = postSolution
		{6D384A6A-D0BA-4119-8BBD-A0C0116AD11A}.Debug|Any CPU.ActiveCfg = Debug|Any CPU
		{6D384A6A-D0BA-4119-8BBD-A0C0116AD11A}.Debug|Any CPU.Build.0 = Debug|Any CPU
		{6D384A6A-D0BA-4119-8BBD-A0C0116AD11A}.Release|Any CPU.ActiveCfg = Release|Any CPU
		{6D384A6A-D0BA-4119-8BBD-A0C0116AD11A}.Release|Any CPU.Build.0 = Release|Any CPU
		{38FF691F-52F7-499B-80C6-5D3388698107}.Debug|Any CPU.ActiveCfg = Debug|Any CPU
		{38FF691F-52F7-499B-80C6-5D3388698107}.Debug|Any CPU.Build.0 = Debug|Any CPU
		{38FF691F-52F7-499B-80C6-5D3388698107}.Release|Any CPU.ActiveCfg = Release|Any CPU
		{38FF691F-52F7-499B-80C6-5D3388698107}.Release|Any CPU.Build.0 = Release|Any CPU
		{41D2DC3F-0100-4106-998F-218EDD487A6F}.Debug|Any CPU.ActiveCfg = Debug|Any CPU
		{41D2DC3F-0100-4106-998F-218EDD487A6F}.Debug|Any CPU.Build.0 = Debug|Any CPU
		{41D2DC3F-0100-4106-998F-218EDD487A6F}.Release|Any CPU.ActiveCfg = Release|Any CPU
		{41D2DC3F-0100-4106-998F-218EDD487A6F}.Release|Any CPU.Build.0 = Release|Any CPU
		{1CD425BD-9E8F-4064-99D7-F2262D1A5226}.Debug|Any CPU.ActiveCfg = Debug|Any CPU
		{1CD425BD-9E8F-4064-99D7-F2262D1A5226}.Debug|Any CPU.Build.0 = Debug|Any CPU
		{1CD425BD-9E8F-4064-99D7-F2262D1A5226}.Release|Any CPU.ActiveCfg = Release|Any CPU
		{1CD425BD-9E8F-4064-99D7-F2262D1A5226}.Release|Any CPU.Build.0 = Release|Any CPU
		{9E5BF3B8-D9B7-4591-AD59-1FB5365B8EA8}.Debug|Any CPU.ActiveCfg = Debug|Any CPU
		{9E5BF3B8-D9B7-4591-AD59-1FB5365B8EA8}.Debug|Any CPU.Build.0 = Debug|Any CPU
		{9E5BF3B8-D9B7-4591-AD59-1FB5365B8EA8}.Release|Any CPU.ActiveCfg = Release|Any CPU
		{9E5BF3B8-D9B7-4591-AD59-1FB5365B8EA8}.Release|Any CPU.Build.0 = Release|Any CPU
		{25573759-8997-4945-A05F-7F44167DECD8}.Debug|Any CPU.ActiveCfg = Debug|Any CPU
		{25573759-8997-4945-A05F-7F44167DECD8}.Debug|Any CPU.Build.0 = Debug|Any CPU
		{25573759-8997-4945-A05F-7F44167DECD8}.Release|Any CPU.ActiveCfg = Release|Any CPU
		{25573759-8997-4945-A05F-7F44167DECD8}.Release|Any CPU.Build.0 = Release|Any CPU
		{DACDD299-B119-4FB2-8389-14BEEE84D891}.Debug|Any CPU.ActiveCfg = Debug|Any CPU
		{DACDD299-B119-4FB2-8389-14BEEE84D891}.Debug|Any CPU.Build.0 = Debug|Any CPU
		{DACDD299-B119-4FB2-8389-14BEEE84D891}.Release|Any CPU.ActiveCfg = Release|Any CPU
		{DACDD299-B119-4FB2-8389-14BEEE84D891}.Release|Any CPU.Build.0 = Release|Any CPU
		{30E1E863-256A-46C6-B5C5-0E70FA427B12}.Debug|Any CPU.ActiveCfg = Debug|Any CPU
		{30E1E863-256A-46C6-B5C5-0E70FA427B12}.Debug|Any CPU.Build.0 = Debug|Any CPU
		{30E1E863-256A-46C6-B5C5-0E70FA427B12}.Release|Any CPU.ActiveCfg = Release|Any CPU
		{30E1E863-256A-46C6-B5C5-0E70FA427B12}.Release|Any CPU.Build.0 = Release|Any CPU
	EndGlobalSection
	GlobalSection(SolutionProperties) = preSolution
		HideSolutionNode = FALSE
	EndGlobalSection
	GlobalSection(ExtensibilityGlobals) = postSolution
		SolutionGuid = {DDB22C29-DC45-4FA4-BE3D-34E5EF6B41C3}
	EndGlobalSection
EndGlobal
