
Microsoft Visual Studio Solution File, Format Version 12.00
# Visual Studio Version 17
VisualStudioVersion = 17.2.32630.192
MinimumVisualStudioVersion = 10.0.40219.1
Project("{9A19103F-16F7-4668-BE54-9A1E7A4F7556}") = "Stage0", "Stage0\Stage0.csproj", "{6D384A6A-D0BA-4119-8BBD-A0C0116AD11A}"
EndProject
Project("{2150E333-8FDC-42A3-9474-1A3956D46DE8}") = "Solution Items", "Solution Items", "{69FDD29F-E2BD-49DC-9E95-C3795C9CE9FA}"
	ProjectSection(SolutionItems) = preProject
		README.md = README.md
	EndProjectSection
EndProject
Project("{FAE04EC0-301F-11D3-BF4B-00C04F79EFBC}") = "DalFacade", "DalFacade\DalFacade.csproj", "{38FF691F-52F7-499B-80C6-5D3388698107}"
EndProject
Project("{FAE04EC0-301F-11D3-BF4B-00C04F79EFBC}") = "DalList", "DalList\DalList.csproj", "{41D2DC3F-0100-4106-998F-218EDD487A6F}"
EndProject
Project("{FAE04EC0-301F-11D3-BF4B-00C04F79EFBC}") = "DalTest", "DalTest\DalTest.csproj", "{1CD425BD-9E8F-4064-99D7-F2262D1A5226}"
EndProject
Global
	GlobalSection(SolutionConfigurationPlatforms) = preSolution
		Debug|Any CPU = Debug|Any CPU
		Release|Any CPU = Release|Any CPU
	EndGlobalSection
	GlobalSection(ProjectConfigurationPlatforms) = postSolution
		{6D384A6A-D0BA-4119-8BBD-A0C0116AD11A}.Debug|Any CPU.ActiveCfg = Debug|Any CPU
		{6D384A6A-D0BA-4119-8BBD-A0C0116AD11A}.Debug|Any CPU.Build.0 = Debug|Any CPU
		{6D384A6A-D0BA-4119-8BBD-A0C0116AD11A}.Release|Any CPU.ActiveCfg = Release|Any CPU
		{6D384A6A-D0BA-4119-8BBD-A0C0116AD11A}.Release|Any CPU.Build.0 = Release|Any CPU
		{38FF691F-52F7-499B-80C6-5D3388698107}.Debug|Any CPU.ActiveCfg = Debug|Any CPU
		{38FF691F-52F7-499B-80C6-5D3388698107}.Debug|Any CPU.Build.0 = Debug|Any CPU
		{38FF691F-52F7-499B-80C6-5D3388698107}.Release|Any CPU.ActiveCfg = Release|Any CPU
		{38FF691F-52F7-499B-80C6-5D3388698107}.Release|Any CPU.Build.0 = Release|Any CPU
		{41D2DC3F-0100-4106-998F-218EDD487A6F}.Debug|Any CPU.ActiveCfg = Debug|Any CPU
		{41D2DC3F-0100-4106-998F-218EDD487A6F}.Debug|Any CPU.Build.0 = Debug|Any CPU
		{41D2DC3F-0100-4106-998F-218EDD487A6F}.Release|Any CPU.ActiveCfg = Release|Any CPU
		{41D2DC3F-0100-4106-998F-218EDD487A6F}.Release|Any CPU.Build.0 = Release|Any CPU
		{1CD425BD-9E8F-4064-99D7-F2262D1A5226}.Debug|Any CPU.ActiveCfg = Debug|Any CPU
		{1CD425BD-9E8F-4064-99D7-F2262D1A5226}.Debug|Any CPU.Build.0 = Debug|Any CPU
		{1CD425BD-9E8F-4064-99D7-F2262D1A5226}.Release|Any CPU.ActiveCfg = Release|Any CPU
		{1CD425BD-9E8F-4064-99D7-F2262D1A5226}.Release|Any CPU.Build.0 = Release|Any CPU
	EndGlobalSection
	GlobalSection(SolutionProperties) = preSolution
		HideSolutionNode = FALSE
	EndGlobalSection
	GlobalSection(ExtensibilityGlobals) = postSolution
		SolutionGuid = {DDB22C29-DC45-4FA4-BE3D-34E5EF6B41C3}
	EndGlobalSection
EndGlobal
